{
  "nodes": {
    "home-manager": {
      "inputs": {
        "nixpkgs": [
          "nixpkgs"
        ]
      },
      "locked": {
        "lastModified": 1751336185,
        "narHash": "sha256-ptnVr2x+sl7cZcTuGx/0BOE2qCAIYHTcgfA+/h60ml0=",
        "owner": "nix-community",
        "repo": "home-manager",
        "rev": "96354906f58464605ff81d2f6c2ea23211cbf051",
        "type": "github"
      },
      "original": {
        "owner": "nix-community",
        "repo": "home-manager",
        "type": "github"
      }
    },
    "nixpkgs": {
      "locked": {
        "lastModified": 1751349533,
        "narHash": "sha256-5XRh0mB06/7WYDLu9ZXsx1GhyvvNVZDtPyg34sUCLJs=",
        "owner": "nixos",
        "repo": "nixpkgs",
        "rev": "bdfd0f2afcf764e531d0960c821ab070a6174b15",
        "type": "github"
      },
      "original": {
        "owner": "nixos",
        "ref": "nixpkgs-unstable",
        "repo": "nixpkgs",
        "type": "github"
      }
    },
    "nixpkgs-texlive": {
      "locked": {
        "lastModified": 1751410077,
        "narHash": "sha256-hzJmlzTjIXE+n0wNSjfVtIM4PKwbVIt8NUhGb60NZiw=",
        "owner": "nixos",
        "repo": "nixpkgs",
        "rev": "403add6263c14f9b253fd5da4ce2226ed4541fdd",
        "type": "github"
      },
      "original": {
        "owner": "nixos",
        "ref": "master",
        "repo": "nixpkgs",
        "type": "github"
      }
    },
    "root": {
      "inputs": {
        "home-manager": "home-manager",
        "nixpkgs": "nixpkgs",
        "nixpkgs-texlive": "nixpkgs-texlive"
      }
    }
  },
  "root": "root",
  "version": 7
}
